
Microsoft Visual Studio Solution File, Format Version 12.00
# Visual Studio Version 17
VisualStudioVersion = 17.2.32630.192
MinimumVisualStudioVersion = 10.0.40219.1
Project("{FAE04EC0-301F-11D3-BF4B-00C04F79EFBC}") = "MeilisearchConsoleRunner", "MeilisearchConsoleRunner.csproj", "{EA708A5D-B1A9-409E-B8A8-8CFDD685E824}"
EndProject
Global
	GlobalSection(SolutionConfigurationPlatforms) = preSolution
		Debug|Any CPU = Debug|Any CPU
		Release|Any CPU = Release|Any CPU
	EndGlobalSection
	GlobalSection(ProjectConfigurationPlatforms) = postSolution
		{EA708A5D-B1A9-409E-B8A8-8CFDD685E824}.Debug|Any CPU.ActiveCfg = Debug|Any CPU
		{EA708A5D-B1A9-409E-B8A8-8CFDD685E824}.Debug|Any CPU.Build.0 = Debug|Any CPU
		{EA708A5D-B1A9-409E-B8A8-8CFDD685E824}.Release|Any CPU.ActiveCfg = Release|Any CPU
		{EA708A5D-B1A9-409E-B8A8-8CFDD685E824}.Release|Any CPU.Build.0 = Release|Any CPU
	EndGlobalSection
	GlobalSection(SolutionProperties) = preSolution
		HideSolutionNode = FALSE
	EndGlobalSection
	GlobalSection(ExtensibilityGlobals) = postSolution
		SolutionGuid = {D2DAE2A2-E67D-4185-AE5A-0BFB7D5C450C}
	EndGlobalSection
EndGlobal
